
Microsoft Visual Studio Solution File, Format Version 11.00
# Visual Studio 2010
Project("{FAE04EC0-301F-11D3-BF4B-00C04F79EFBC}") = "PasswordEvolution", "PasswordEvolution\PasswordEvolution.csproj", "{7BB9294D-9328-404C-8F6E-C702E18EC968}"
EndProject
Project("{FAE04EC0-301F-11D3-BF4B-00C04F79EFBC}") = "SharpNeatMarkovModels", "SharpNeatMarkovModels\SharpNeatMarkovModels.csproj", "{A7BB537F-4858-4144-9AC5-3A7DF79DA9F1}"
EndProject
Project("{FAE04EC0-301F-11D3-BF4B-00C04F79EFBC}") = "ModelEvaluator", "ModelEvaluator\ModelEvaluator.csproj", "{756BA56E-65D8-4DED-B825-BA4BE0C01F31}"
EndProject
Global
	GlobalSection(SolutionConfigurationPlatforms) = preSolution
		Debug|Any CPU = Debug|Any CPU
		Debug|Mixed Platforms = Debug|Mixed Platforms
		Debug|x86 = Debug|x86
		Release|Any CPU = Release|Any CPU
		Release|Mixed Platforms = Release|Mixed Platforms
		Release|x86 = Release|x86
	EndGlobalSection
	GlobalSection(ProjectConfigurationPlatforms) = postSolution
		{7BB9294D-9328-404C-8F6E-C702E18EC968}.Debug|Any CPU.ActiveCfg = Debug|x86
		{7BB9294D-9328-404C-8F6E-C702E18EC968}.Debug|Mixed Platforms.ActiveCfg = Debug|x86
		{7BB9294D-9328-404C-8F6E-C702E18EC968}.Debug|Mixed Platforms.Build.0 = Debug|x86
		{7BB9294D-9328-404C-8F6E-C702E18EC968}.Debug|x86.ActiveCfg = Debug|x86
		{7BB9294D-9328-404C-8F6E-C702E18EC968}.Debug|x86.Build.0 = Debug|x86
		{7BB9294D-9328-404C-8F6E-C702E18EC968}.Release|Any CPU.ActiveCfg = Release|x86
		{7BB9294D-9328-404C-8F6E-C702E18EC968}.Release|Mixed Platforms.ActiveCfg = Release|x86
		{7BB9294D-9328-404C-8F6E-C702E18EC968}.Release|Mixed Platforms.Build.0 = Release|x86
		{7BB9294D-9328-404C-8F6E-C702E18EC968}.Release|x86.ActiveCfg = Release|x86
		{7BB9294D-9328-404C-8F6E-C702E18EC968}.Release|x86.Build.0 = Release|x86
		{A7BB537F-4858-4144-9AC5-3A7DF79DA9F1}.Debug|Any CPU.ActiveCfg = Debug|Any CPU
		{A7BB537F-4858-4144-9AC5-3A7DF79DA9F1}.Debug|Any CPU.Build.0 = Debug|Any CPU
		{A7BB537F-4858-4144-9AC5-3A7DF79DA9F1}.Debug|Mixed Platforms.ActiveCfg = Debug|Any CPU
		{A7BB537F-4858-4144-9AC5-3A7DF79DA9F1}.Debug|Mixed Platforms.Build.0 = Debug|Any CPU
		{A7BB537F-4858-4144-9AC5-3A7DF79DA9F1}.Debug|x86.ActiveCfg = Debug|Any CPU
		{A7BB537F-4858-4144-9AC5-3A7DF79DA9F1}.Release|Any CPU.ActiveCfg = Release|Any CPU
		{A7BB537F-4858-4144-9AC5-3A7DF79DA9F1}.Release|Any CPU.Build.0 = Release|Any CPU
		{A7BB537F-4858-4144-9AC5-3A7DF79DA9F1}.Release|Mixed Platforms.ActiveCfg = Release|Any CPU
		{A7BB537F-4858-4144-9AC5-3A7DF79DA9F1}.Release|Mixed Platforms.Build.0 = Release|Any CPU
		{A7BB537F-4858-4144-9AC5-3A7DF79DA9F1}.Release|x86.ActiveCfg = Release|Any CPU
		{756BA56E-65D8-4DED-B825-BA4BE0C01F31}.Debug|Any CPU.ActiveCfg = Debug|x86
		{756BA56E-65D8-4DED-B825-BA4BE0C01F31}.Debug|Mixed Platforms.ActiveCfg = Debug|x86
		{756BA56E-65D8-4DED-B825-BA4BE0C01F31}.Debug|Mixed Platforms.Build.0 = Debug|x86
		{756BA56E-65D8-4DED-B825-BA4BE0C01F31}.Debug|x86.ActiveCfg = Debug|x86
		{756BA56E-65D8-4DED-B825-BA4BE0C01F31}.Debug|x86.Build.0 = Debug|x86
		{756BA56E-65D8-4DED-B825-BA4BE0C01F31}.Release|Any CPU.ActiveCfg = Release|x86
		{756BA56E-65D8-4DED-B825-BA4BE0C01F31}.Release|Mixed Platforms.ActiveCfg = Release|x86
		{756BA56E-65D8-4DED-B825-BA4BE0C01F31}.Release|Mixed Platforms.Build.0 = Release|x86
		{756BA56E-65D8-4DED-B825-BA4BE0C01F31}.Release|x86.ActiveCfg = Release|x86
		{756BA56E-65D8-4DED-B825-BA4BE0C01F31}.Release|x86.Build.0 = Release|x86
	EndGlobalSection
	GlobalSection(SolutionProperties) = preSolution
		HideSolutionNode = FALSE
	EndGlobalSection
EndGlobal
